
Microsoft Visual Studio Solution File, Format Version 12.00
# Visual Studio Version 16
VisualStudioVersion = 16.0.29806.167
MinimumVisualStudioVersion = 10.0.40219.1
Project("{9A19103F-16F7-4668-BE54-9A1E7A4F7556}") = "Lesson_class", "Lesson_class\Lesson_class.csproj", "{0F2EE246-BA26-4DED-989E-0BCEC727EE14}"
EndProject
Project("{FAE04EC0-301F-11D3-BF4B-00C04F79EFBC}") = "Constructors", "Constructors\Constructors.csproj", "{77608AB0-A3CA-4DBC-8B94-3F0D864BF7AE}"
EndProject
Project("{FAE04EC0-301F-11D3-BF4B-00C04F79EFBC}") = "Odcinek10", "Odcinek10\Odcinek10.csproj", "{9767EDDC-2004-4EEF-BA8A-7D2904C753A9}"
EndProject
Global
	GlobalSection(SolutionConfigurationPlatforms) = preSolution
		Debug|Any CPU = Debug|Any CPU
		Release|Any CPU = Release|Any CPU
	EndGlobalSection
	GlobalSection(ProjectConfigurationPlatforms) = postSolution
		{0F2EE246-BA26-4DED-989E-0BCEC727EE14}.Debug|Any CPU.ActiveCfg = Debug|Any CPU
		{0F2EE246-BA26-4DED-989E-0BCEC727EE14}.Debug|Any CPU.Build.0 = Debug|Any CPU
		{0F2EE246-BA26-4DED-989E-0BCEC727EE14}.Release|Any CPU.ActiveCfg = Release|Any CPU
		{0F2EE246-BA26-4DED-989E-0BCEC727EE14}.Release|Any CPU.Build.0 = Release|Any CPU
		{77608AB0-A3CA-4DBC-8B94-3F0D864BF7AE}.Debug|Any CPU.ActiveCfg = Debug|Any CPU
		{77608AB0-A3CA-4DBC-8B94-3F0D864BF7AE}.Debug|Any CPU.Build.0 = Debug|Any CPU
		{77608AB0-A3CA-4DBC-8B94-3F0D864BF7AE}.Release|Any CPU.ActiveCfg = Release|Any CPU
		{77608AB0-A3CA-4DBC-8B94-3F0D864BF7AE}.Release|Any CPU.Build.0 = Release|Any CPU
		{9767EDDC-2004-4EEF-BA8A-7D2904C753A9}.Debug|Any CPU.ActiveCfg = Debug|Any CPU
		{9767EDDC-2004-4EEF-BA8A-7D2904C753A9}.Debug|Any CPU.Build.0 = Debug|Any CPU
		{9767EDDC-2004-4EEF-BA8A-7D2904C753A9}.Release|Any CPU.ActiveCfg = Release|Any CPU
		{9767EDDC-2004-4EEF-BA8A-7D2904C753A9}.Release|Any CPU.Build.0 = Release|Any CPU
	EndGlobalSection
	GlobalSection(SolutionProperties) = preSolution
		HideSolutionNode = FALSE
	EndGlobalSection
	GlobalSection(ExtensibilityGlobals) = postSolution
		SolutionGuid = {64B3F0D4-BBB8-4173-80A2-CA627B478129}
	EndGlobalSection
EndGlobal
