
Microsoft Visual Studio Solution File, Format Version 12.00
# Visual Studio Version 16
VisualStudioVersion = 16.0.29911.84
MinimumVisualStudioVersion = 10.0.40219.1
Project("{FAE04EC0-301F-11D3-BF4B-00C04F79EFBC}") = "Trenning2", "..\Trenning2\Trenning2.csproj", "{5E840887-D383-4319-A767-E01E6FE214E5}"
EndProject
Global
	GlobalSection(SolutionConfigurationPlatforms) = preSolution
		Debug|Any CPU = Debug|Any CPU
		Release|Any CPU = Release|Any CPU
	EndGlobalSection
	GlobalSection(ProjectConfigurationPlatforms) = postSolution
		{5E840887-D383-4319-A767-E01E6FE214E5}.Debug|Any CPU.ActiveCfg = Debug|Any CPU
		{5E840887-D383-4319-A767-E01E6FE214E5}.Debug|Any CPU.Build.0 = Debug|Any CPU
		{5E840887-D383-4319-A767-E01E6FE214E5}.Release|Any CPU.ActiveCfg = Release|Any CPU
		{5E840887-D383-4319-A767-E01E6FE214E5}.Release|Any CPU.Build.0 = Release|Any CPU
	EndGlobalSection
	GlobalSection(SolutionProperties) = preSolution
		HideSolutionNode = FALSE
	EndGlobalSection
	GlobalSection(ExtensibilityGlobals) = postSolution
		SolutionGuid = {36AAB5FB-399F-43EE-9A25-5F519B7BBF0E}
	EndGlobalSection
EndGlobal
